{"1.1.0",
[{<<"amqp_client">>,{pkg,<<"amqp_client">>,<<"3.6.7">>},0},
 {<<"base16">>,
  {git,"git://github.com/goj/base16.git",
       {ref,"ec420aa4ce0fb971f155274c606e00188a2ed37d"}},
  1},
 {<<"bear">>,{pkg,<<"bear">>,<<"0.8.3">>},1},
 {<<"certifi">>,{pkg,<<"certifi">>,<<"2.0.0">>},0},
 {<<"couchbeam">>,
  {git,"https://github.com/2600hz/couchbeam.git",
       {ref,"2f3a09f226bd6ade165e40bc4e35f1d7fae7b6e2"}},
  0},
 {<<"cowboy">>,{pkg,<<"cowboy">>,<<"1.0.4">>},0},
 {<<"cowlib">>,{pkg,<<"cowlib">>,<<"1.0.2">>},1},
 {<<"detergent">>,
  {git,"https://github.com/pap/detergent.git",
       {ref,"e86dfeded3e4f9f3f9278c6a1aea802079d38b54"}},
  0},
 {<<"ecsv">>,
  {git,"https://github.com/lazedo/ecsv.git",
       {ref,"db4e2708b1f3fa8f34bad9ada3ae57e136914a2b"}},
  0},
 {<<"eflame">>,
  {git,"https://github.com/slfritchie/eflame.git",
       {ref,"7b0bb1a7e8c8482a59421a3a50ae69d49af59d52"}},
  0},
 {<<"eiconv">>,
  {git,"https://github.com/zotonic/eiconv.git",
       {ref,"644fb5e7bd6640fbd073f4d28957914ea979aea0"}},
  0},
 {<<"eper">>,
  {git,"http://github.com/basho/eper.git",
       {ref,"fc165bf4072ecb9ce5648aab86db2baad12122f5"}},
  1},
 {<<"erlang_localtime">>,
  {git,"https://github.com/lazedo/erlang_localtime.git",
       {ref,"0bb26016380cd7df5d30aa0ef284ae252b5bae31"}},
  0},
 {<<"erlsom">>,
  {git,"https://github.com/willemdj/erlsom.git",
       {ref,"ba84a5767fe6852af2b691fc0e234702d336d65f"}},
  0},
 {<<"erlydtl">>,
  {git,"https://github.com/erlydtl/erlydtl.git",
       {ref,"032746b8068f367eb63923cb6f8b2095065015b9"}},
  0},
 {<<"escalus">>,
  {git,"https://github.com/esl/escalus.git",
       {ref,"0de0463c345a1ade6fccfb9aadad719b58a1cef5"}},
  0},
 {<<"exml">>,
  {git,"https://github.com/paulgray/exml.git",
       {ref,"4ae6dea65f97764663c43d0bafb177dc702b5c3f"}},
  0},
 {<<"folsom">>,{pkg,<<"folsom">>,<<"0.8.3">>},0},
 {<<"fs_event">>,
  {git,"https://github.com/jamhed/fs_event.git",
       {ref,"783400da08c2b55c295dbec81df0d926960c0346"}},
  0},
 {<<"fs_sync">>,
  {git,"https://github.com/jamhed/fs_sync.git",
       {ref,"2cf85cf5861221128f020c453604d509fd37cd53"}},
  0},
 {<<"fusco">>,
  {git,"git://github.com/esl/fusco.git",
       {ref,"0a428471aefb3a38207c2141249181e6c018e565"}},
  1},
 {<<"gen_smtp">>,{pkg,<<"gen_smtp">>,<<"0.12.0">>},0},
 {<<"getopt">>,
  {git,"https://github.com/jcomellas/getopt.git",
       {ref,"68fe326f2c7585eb32a5b136dffc75428a53fc02"}},
  0},
 {<<"goldrush">>,{pkg,<<"goldrush">>,<<"0.1.8">>},1},
 {<<"gproc">>,
  {git,"https://github.com/uwiger/gproc.git",
       {ref,"01c8fbfdd5e4701e8e4b57b0c8279872f9574b0b"}},
  0},
 {<<"hackney">>,{pkg,<<"hackney">>,<<"1.6.2">>},1},
 {<<"hamcrest">>,
  {git,"https://github.com/basho/hamcrest-erlang.git",
       {ref,"98bc7aa19ea081478c816824aa05fc5a48acae66"}},
  2},
 {<<"hep">>,
  {git,"https://github.com/fenollp/hep.git",
       {ref,"7ed63e4b271bd4b628e1ac268f9b8a8a4eb550be"}},
  0},
 {<<"horse">>,
  {git,"https://github.com/ninenines/horse.git",
       {ref,"4dc81d47c3116b38af673481402f34ce03f8936b"}},
  0},
 {<<"idna">>,{pkg,<<"idna">>,<<"1.2.0">>},2},
 {<<"inet_cidr">>,
  {git,"https://github.com/icehess/inet_cidr.git",
       {ref,"b9227c0a3d40ff70cd93c86e14964ff2c6b6d703"}},
  0},
 {<<"jesse">>,
  {git,"https://github.com/2600hz/jesse.git",
       {ref,"3641ff0a719b2e086377878cdf101620c62ded47"}},
  0},
 {<<"jiffy">>,
  {git,"https://github.com/fenollp/jiffy.git",
       {ref,"a1afc411b9ca7a2ade0c64e7b4975fde2e1ca122"}},
  0},
 {<<"jsx">>,{pkg,<<"jsx">>,<<"2.8.0">>},1},
 {<<"lager">>,{pkg,<<"lager">>,<<"3.2.1">>},0},
 {<<"lager_syslog">>,
  {git,"https://github.com/erlang-lager/lager_syslog.git",
       {ref,"126dd0284fcac9b01613189a82facf8d803411a2"}},
  0},
 {<<"meck">>,
  {git,"git://github.com/eproxus/meck.git",
       {ref,"dde759050eff19a1a80fd854d7375174b191665d"}},
  1},
 {<<"metrics">>,{pkg,<<"metrics">>,<<"1.0.1">>},2},
 {<<"mimerl">>,{pkg,<<"mimerl">>,<<"1.0.2">>},2},
 {<<"mustache">>,
  {git,"git://github.com/mojombo/mustache.erl.git",
       {ref,"d0246fe143058b6404f66cf99fece3ff6e87b7ed"}},
  1},
 {<<"nklib">>,
  {git,"https://github.com/fenollp/nklib.git",
       {ref,"377b3042db2f314b319510e2e516009e167bb989"}},
  0},
 {<<"plists">>,{pkg,<<"plists">>,<<"1.0.0">>},0},
 {<<"poolboy">>,
  {git,"https://github.com/devinus/poolboy.git",
       {ref,"d378f996182daa6251ad5438cee4d3f6eb7ea50f"}},
  0},
 {<<"proper">>,{pkg,<<"proper">>,<<"1.2.0">>},0},
 {<<"rabbit_common">>,{pkg,<<"rabbit_common">>,<<"3.6.7">>},1},
 {<<"ranch">>,{pkg,<<"ranch">>,<<"1.4.0">>},1},
 {<<"recon">>,{pkg,<<"recon">>,<<"2.3.2">>},0},
 {<<"reloader">>,
  {git,"https://github.com/oinksoft/reloader.git",
       {ref,"1c981b933db81fcbbd68f62f380ebc9725b6cb0f"}},
  0},
 {<<"rfc3339">>,
  {git,"git://github.com/andreineculau/rfc3339.git",
       {ref,"dcc77d66430490620677de8140a3415dfbd3fa61"}},
  1},
 {<<"ssl_verify_fun">>,{pkg,<<"ssl_verify_fun">>,<<"1.1.1">>},2},
 {<<"syslog">>,
  {git,"https://github.com/vagabond/erlang-syslog.git",
       {ref,"4a6c6f2c996483e86c1320e9553f91d337bcb6aa"}},
  0},
 {<<"trie">>,
  {git,"https://github.com/okeuday/trie.git",
       {ref,"a5e4af9b528fe675273444164deb2919b72ec28f"}},
  0},
 {<<"wsecli">>,
  {git,"git://github.com/esl/wsecli.git",
       {ref,"a89054cf71c5ee9e780998e5acb2a78fd3419dd9"}},
  1},
 {<<"wsock">>,
  {git,"https://github.com/madtrick/wsock.git",
       {ref,"8ab26bff7736458b73db954e8ad25394478ea706"}},
  0},
 {<<"zucchini">>,
  {git,"https://github.com/devinus/zucchini.git",
       {ref,"429c9e0f9f67911c1825fbebff7d0fdc59e56b90"}},
  0}]}.
[
{pkg_hash,[
 {<<"amqp_client">>, <<"3563FB18545A8522082C58F044F11D5CCC7752F5241AD35D68B7FB1F863A104B">>},
 {<<"bear">>, <<"866002127A97932720A0D475D8582C98EC5FB78DB3A18DFE7EAF91594D9024B8">>},
 {<<"certifi">>, <<"A0C0E475107135F76B8C1D5BC7EFB33CD3815CB3CF3DEA7AEFDD174DABEAD064">>},
 {<<"cowboy">>, <<"A324A8DF9F2316C833A470D918AAF73AE894278B8AA6226CE7A9BF699388F878">>},
 {<<"cowlib">>, <<"9D769A1D062C9C3AC753096F868CA121E2730B9A377DE23DEC0F7E08B1DF84EE">>},
 {<<"folsom">>, <<"71CFF146152FA95E6092E62119F9DC96888660111E7B61853C8FDCF80598A4E0">>},
 {<<"gen_smtp">>, <<"97D44903F5CA18CA85CB39AEE7D9C77E98D79804BBDEF56078ADCF905CB2EF00">>},
 {<<"goldrush">>, <<"2024BA375CEEA47E27EA70E14D2C483B2D8610101B4E852EF7F89163CDB6E649">>},
 {<<"hackney">>, <<"96A0A5E7E65B7ACAD8031D231965718CC70A9B4131A8B033B7543BBD673B8210">>},
 {<<"idna">>, <<"AC62EE99DA068F43C50DC69ACF700E03A62A348360126260E87F2B54ECED86B2">>},
 {<<"jsx">>, <<"749BEC6D205C694AE1786D62CEA6CC45A390437E24835FD16D12D74F07097727">>},
 {<<"lager">>, <<"EEF4E18B39E4195D37606D9088EA05BF1B745986CF8EC84F01D332456FE88D17">>},
 {<<"metrics">>, <<"25F094DEA2CDA98213CECC3AEFF09E940299D950904393B2A29D191C346A8486">>},
 {<<"mimerl">>, <<"993F9B0E084083405ED8252B99460C4F0563E41729AB42D9074FD5E52439BE88">>},
 {<<"plists">>, <<"934D9668FC8FDEFB4824C3B1E8B65E2F4F8771AA5D5D0C2DE8EC3C79B86E0786">>},
 {<<"proper">>, <<"1466492385959412A02871505434E72E92765958C60DBA144B43863554B505A4">>},
 {<<"rabbit_common">>, <<"E30826949AAEDC0C08625339BFD21F1560D648BC93CA9C7BC54D6742F0DAB81D">>},
 {<<"ranch">>, <<"10272F95DA79340FA7E8774BA7930B901713D272905D0012B06CA6D994F8826B">>},
 {<<"recon">>, <<"4444C879BE323B1B133EEC5241CB84BD3821EA194C740D75617E106BE4744318">>},
 {<<"ssl_verify_fun">>, <<"28A4D65B7F59893BC2C7DE786DEC1E1555BD742D336043FE644AE956C3497FBE">>}]}
].
